
Microsoft Visual Studio Solution File, Format Version 12.00
# Visual Studio 15
VisualStudioVersion = 15.0.27703.1
MinimumVisualStudioVersion = 10.0.40219.1
Project("{9A19103F-16F7-4668-BE54-9A1E7A4F7556}") = "gwg", "gwg\gwg.csproj", "{6CBF79C9-0F86-4242-A0DC-F8892812A38D}"
EndProject
Project("{FAE04EC0-301F-11D3-BF4B-00C04F79EFBC}") = "WebGwg", "WebGwg\WebGwg.csproj", "{9844A0BF-9E77-4934-AFA5-E539DED933EF}"
EndProject
Global
	GlobalSection(SolutionConfigurationPlatforms) = preSolution
		Debug|Any CPU = Debug|Any CPU
		Release|Any CPU = Release|Any CPU
	EndGlobalSection
	GlobalSection(ProjectConfigurationPlatforms) = postSolution
		{6CBF79C9-0F86-4242-A0DC-F8892812A38D}.Debug|Any CPU.ActiveCfg = Debug|Any CPU
		{6CBF79C9-0F86-4242-A0DC-F8892812A38D}.Debug|Any CPU.Build.0 = Debug|Any CPU
		{6CBF79C9-0F86-4242-A0DC-F8892812A38D}.Release|Any CPU.ActiveCfg = Release|Any CPU
		{6CBF79C9-0F86-4242-A0DC-F8892812A38D}.Release|Any CPU.Build.0 = Release|Any CPU
		{9844A0BF-9E77-4934-AFA5-E539DED933EF}.Debug|Any CPU.ActiveCfg = Debug|Any CPU
		{9844A0BF-9E77-4934-AFA5-E539DED933EF}.Debug|Any CPU.Build.0 = Debug|Any CPU
		{9844A0BF-9E77-4934-AFA5-E539DED933EF}.Release|Any CPU.ActiveCfg = Release|Any CPU
		{9844A0BF-9E77-4934-AFA5-E539DED933EF}.Release|Any CPU.Build.0 = Release|Any CPU
	EndGlobalSection
	GlobalSection(SolutionProperties) = preSolution
		HideSolutionNode = FALSE
	EndGlobalSection
	GlobalSection(ExtensibilityGlobals) = postSolution
		SolutionGuid = {8995E99A-7A72-45ED-99E6-3F0CD17015BE}
	EndGlobalSection
EndGlobal
